
Microsoft Visual Studio Solution File, Format Version 12.00
# Visual Studio 15
VisualStudioVersion = 15.0.27428.2043
MinimumVisualStudioVersion = 10.0.40219.1
Project("{9A19103F-16F7-4668-BE54-9A1E7A4F7556}") = "Vcc.SocialNet.Data.Repository", "Source\Vcc.SocialNet.Data.Repository\Vcc.SocialNet.Data.Repository.csproj", "{C87CACAE-02A5-49E8-B69F-22EA2C6C9692}"
EndProject
Project("{9A19103F-16F7-4668-BE54-9A1E7A4F7556}") = "Vcc.SocialNet.Domain.Model", "Source\Vcc.SocialNet.Domain.Model\Vcc.SocialNet.Domain.Model.csproj", "{6EB1E0EA-4353-46B7-9005-0DD2851C9CC3}"
EndProject
Project("{9A19103F-16F7-4668-BE54-9A1E7A4F7556}") = "Vcc.SocialNet.Presentation.Services", "Source\Vcc.SocialNet.Presentation.Services\Vcc.SocialNet.Presentation.Services.csproj", "{F1A8311A-1544-441D-A4A4-D27655083A71}"
EndProject
Project("{9A19103F-16F7-4668-BE54-9A1E7A4F7556}") = "Vcc.SocialNet.Common", "Source\Vcc.SocialNet.Common\Vcc.SocialNet.Common.csproj", "{F59542B0-76D0-4735-8EA1-53A387ADBB52}"
EndProject
Project("{9A19103F-16F7-4668-BE54-9A1E7A4F7556}") = "Vcc.SocialNet.Presentation.UI", "Source\Vcc.SocialNet.Presentation.UI\Vcc.SocialNet.Presentation.UI.csproj", "{B1B29874-BA8F-43BE-8678-FA5B80F6EB91}"
EndProject
Project("{FAE04EC0-301F-11D3-BF4B-00C04F79EFBC}") = "Vcc.Security.IDService", "Source\Vcc.Security.IDService\Vcc.Security.IDService.csproj", "{9FDB35D2-74DD-4614-B724-FDDDF54DEC7B}"
EndProject
Global
	GlobalSection(SolutionConfigurationPlatforms) = preSolution
		Debug|Any CPU = Debug|Any CPU
		Release|Any CPU = Release|Any CPU
	EndGlobalSection
	GlobalSection(ProjectConfigurationPlatforms) = postSolution
		{C87CACAE-02A5-49E8-B69F-22EA2C6C9692}.Debug|Any CPU.ActiveCfg = Debug|Any CPU
		{C87CACAE-02A5-49E8-B69F-22EA2C6C9692}.Debug|Any CPU.Build.0 = Debug|Any CPU
		{C87CACAE-02A5-49E8-B69F-22EA2C6C9692}.Release|Any CPU.ActiveCfg = Release|Any CPU
		{C87CACAE-02A5-49E8-B69F-22EA2C6C9692}.Release|Any CPU.Build.0 = Release|Any CPU
		{6EB1E0EA-4353-46B7-9005-0DD2851C9CC3}.Debug|Any CPU.ActiveCfg = Debug|Any CPU
		{6EB1E0EA-4353-46B7-9005-0DD2851C9CC3}.Debug|Any CPU.Build.0 = Debug|Any CPU
		{6EB1E0EA-4353-46B7-9005-0DD2851C9CC3}.Release|Any CPU.ActiveCfg = Release|Any CPU
		{6EB1E0EA-4353-46B7-9005-0DD2851C9CC3}.Release|Any CPU.Build.0 = Release|Any CPU
		{F1A8311A-1544-441D-A4A4-D27655083A71}.Debug|Any CPU.ActiveCfg = Debug|Any CPU
		{F1A8311A-1544-441D-A4A4-D27655083A71}.Debug|Any CPU.Build.0 = Debug|Any CPU
		{F1A8311A-1544-441D-A4A4-D27655083A71}.Release|Any CPU.ActiveCfg = Release|Any CPU
		{F1A8311A-1544-441D-A4A4-D27655083A71}.Release|Any CPU.Build.0 = Release|Any CPU
		{F59542B0-76D0-4735-8EA1-53A387ADBB52}.Debug|Any CPU.ActiveCfg = Debug|Any CPU
		{F59542B0-76D0-4735-8EA1-53A387ADBB52}.Debug|Any CPU.Build.0 = Debug|Any CPU
		{F59542B0-76D0-4735-8EA1-53A387ADBB52}.Release|Any CPU.ActiveCfg = Release|Any CPU
		{F59542B0-76D0-4735-8EA1-53A387ADBB52}.Release|Any CPU.Build.0 = Release|Any CPU
		{B1B29874-BA8F-43BE-8678-FA5B80F6EB91}.Debug|Any CPU.ActiveCfg = Debug|Any CPU
		{B1B29874-BA8F-43BE-8678-FA5B80F6EB91}.Debug|Any CPU.Build.0 = Debug|Any CPU
		{B1B29874-BA8F-43BE-8678-FA5B80F6EB91}.Release|Any CPU.ActiveCfg = Release|Any CPU
		{B1B29874-BA8F-43BE-8678-FA5B80F6EB91}.Release|Any CPU.Build.0 = Release|Any CPU
		{9FDB35D2-74DD-4614-B724-FDDDF54DEC7B}.Debug|Any CPU.ActiveCfg = Debug|Any CPU
		{9FDB35D2-74DD-4614-B724-FDDDF54DEC7B}.Debug|Any CPU.Build.0 = Debug|Any CPU
		{9FDB35D2-74DD-4614-B724-FDDDF54DEC7B}.Release|Any CPU.ActiveCfg = Release|Any CPU
		{9FDB35D2-74DD-4614-B724-FDDDF54DEC7B}.Release|Any CPU.Build.0 = Release|Any CPU
	EndGlobalSection
	GlobalSection(SolutionProperties) = preSolution
		HideSolutionNode = FALSE
	EndGlobalSection
	GlobalSection(ExtensibilityGlobals) = postSolution
		SolutionGuid = {99CAD936-8D63-41CE-A51C-6D6FA9C7774F}
	EndGlobalSection
EndGlobal
